<Solution>
  <Project Path="Day10_方法/Day10_方法.csproj" Id="d19051ec-7999-4fc8-8710-cef983e862f8" />
  <Project Path="Day11_方法/Day11_方法.csproj" />
  <Project Path="Day12_编程练习题/Day12_编程练习题.csproj" Id="7229c4f4-8591-4816-8ca3-a9a314eab023" />
  <Project Path="Day13_编程题字符串/Day13_编程题字符串.csproj" Id="b0baad23-3907-4cd6-83d9-1fe64315d4af" />
  <Project Path="Day14_枚举类型/Day14_枚举类型.csproj" Id="d924e350-d607-4573-839a-e48cb81b4b89" />
  <Project Path="Day1_输出/Day1_输出.csproj" />
  <Project Path="Day2_变量/Day2_变量.csproj" />
  <Project Path="Day3_类型转换/Day3_类型转换.csproj" />
  <Project Path="Day4_更安全的类型转换/Day4_更安全的类型转换.csproj" Id="cd7c16c9-5091-423a-8015-e55b81f6b3da" />
  <Project Path="Day5_运算符/Day5_运算符.csproj" Id="e60e960b-d7ce-435c-9fca-92a599deb8d5" />
  <Project Path="Day6_条件判断/Day6_条件判断.csproj" Id="6ef1755d-5bef-4732-96f3-99b2f51eb01e" />
  <Project Path="Day7_循环语句/Day7_循环语句.csproj" Id="98f20040-09ab-4102-a658-7f1ff25f1de6" />
  <Project Path="Day8_循环for,while do,while/Day8_循环for,while do,while.csproj" Id="f6484503-3c57-4d24-acdd-2e81b8951acf" />
  <Project Path="Day9_数组/Day9_数组.csproj" Id="74b2853a-ea17-43b7-8a26-6b62b6bb1811" />
</Solution>
